filippo.io/edwards25519 v1.1.0 h1:FNf4tywRC1HmFuKW5xopWpigGjJKiJSV0Cqo0cJWDaA=
filippo.io/edwards25519 v1.1.0/go.mod h1:BxyFTGdWcka3PhytdK4V28tE5sGfRvvvRV7EaN4VDT4=
github.com/aws/aws-lambda-go v1.47.0 h1:0H8s0vumYx/YKs4sE7YM0ktwL2eWse+kfopsRI1sXVI=
github.com/aws/aws-lambda-go v1.47.0/go.mod h1:dpMpZgvWx5vuQJfBt0zqBha60q7Dd7RfgJv23DymV8A=
github.com/aws/aws-sdk-go-v2 v1.30.4 h1:frhcagrVNrzmT95RJImMHgabt99vkXGslubDaDagTk8=
github.com/aws/aws-sdk-go-v2 v1.30.4/go.mod h1:CT+ZPWXbYrci8chcARI3OmI/qgd+f6WtuLOoaIA8PR0=
github.com/aws/aws-sdk-go-v2/aws/protocol/eventstream v1.6.4 h1:70PVAiL15/aBMh5LThwgXdSQorVr91L127ttckI9QQU=
github.com/aws/aws-sdk-go-v2/aws/protocol/eventstream v1.6.4/go.mod h1:/MQxMqci8tlqDH+pjmoLu1i0tbWCUP1hhyMRuFxpQCw=
github.com/aws/aws-sdk-go-v2/config v1.27.28 h1:OTxWGW/91C61QlneCtnD62NLb4W616/NM1jA8LhJqbg=
github.com/aws/aws-sdk-go-v2/config v1.27.28/go.mod h1:uzVRVtJSU5EFv6Fu82AoVFKozJi2ZCY6WRCXj06rbvs=
github.com/aws/aws-sdk-go-v2/credentials v1.17.28 h1:m8+AHY/ND8CMHJnPoH7PJIRakWGa4gbfbxuY9TGTUXM=
github.com/aws/aws-sdk-go-v2/credentials v1.17.28/go.mod h1:6TF7dSc78ehD1SL6KpRIPKMA1GyyWflIkjqg+qmf4+c=
github.com/aws/aws-sdk-go-v2/feature/ec2/imds v1.16.12 h1:yjwoSyDZF8Jth+mUk5lSPJCkMC0lMy6FaCD51jm6ayE=
github.com/aws/aws-sdk-go-v2/feature/ec2/imds v1.16.12/go.mod h1:fuR57fAgMk7ot3WcNQfb6rSEn+SUffl7ri+aa8uKysI=
github.com/aws/aws-sdk-go-v2/feature/rds/auth v1.4.16 h1:ArEu0pWBXA14uzHKVdvAiutAwRV87pcGa/M3Y0faWx0=
github.com/aws/aws-sdk-go-v2/feature/rds/auth v1.4.16/go.mod h1:2v2sY9K3hdtQB8kwpOFqrQGXt/azV+AG5lLXZY78IKg=
github.com/aws/aws-sdk-go-v2/internal/configsources v1.3.16 h1:TNyt/+X43KJ9IJJMjKfa3bNTiZbUP7DeCxfbTROESwY=
github.com/aws/aws-sdk-go-v2/internal/configsources v1.3.16/go.mod h1:2DwJF39FlNAUiX5pAc0UNeiz16lK2t7IaFcm0LFHEgc=
github.com/aws/aws-sdk-go-v2/internal/endpoints/v2 v2.6.16 h1:jYfy8UPmd+6kJW5YhY0L1/KftReOGxI/4NtVSTh9O/I=
github.com/aws/aws-sdk-go-v2/internal/endpoints/v2 v2.6.16/go.mod h1:7ZfEPZxkW42Afq4uQB8H2E2e6ebh6mXTueEpYzjCzcs=
github.com/aws/aws-sdk-go-v2/internal/ini v1.8.1 h1:VaRN3TlFdd6KxX1x3ILT5ynH6HvKgqdiXoTxAF4HQcQ=
github.com/aws/aws-sdk-go-v2/internal/ini v1.8.1/go.mod h1:FbtygfRFze9usAadmnGJNc8KsP346kEe+y2/oyhGAGc=
github.com/aws/aws-sdk-go-v2/service/internal/accept-encoding v1.11.4 h1:KypMCbLPPHEmf9DgMGw51jMj77VfGPAN2Kv4cfhlfgI=
github.com/aws/aws-sdk-go-v2/service/internal/accept-encoding v1.11.4/go.mod h1:Vz1JQXliGcQktFTN/LN6uGppAIRoLBR2bMvIMP0gOjc=
github.com/aws/aws-sdk-go-v2/service/internal/presigned-url v1.11.18 h1:tJ5RnkHCiSH0jyd6gROjlJtNwov0eGYNz8s8nFcR0jQ=
github.com/aws/aws-sdk-go-v2/service/internal/presigned-url v1.11.18/go.mod h1:++NHzT+nAF7ZPrHPsA+ENvsXkOO8wEu+C6RXltAG4/c=
github.com/aws/aws-sdk-go-v2/service/lambda v1.56.4 h1:aVq11wh9uU3jjcQ1cez84ch5RPIiOfxkHanVtQx7/MU=
github.com/aws/aws-sdk-go-v2/service/lambda v1.56.4/go.mod h1:19OJBUjzuycsyPiTi8Gxx17XJjsF9Ck/cQeDGvsiics=
github.com/aws/aws-sdk-go-v2/service/sso v1.22.5 h1:zCsFCKvbj25i7p1u94imVoO447I/sFv8qq+lGJhRN0c=
github.com/aws/aws-sdk-go-v2/service/sso v1.22.5/go.mod h1:ZeDX1SnKsVlejeuz41GiajjZpRSWR7/42q/EyA/QEiM=
github.com/aws/aws-sdk-go-v2/service/ssooidc v1.26.5 h1:SKvPgvdvmiTWoi0GAJ7AsJfOz3ngVkD/ERbs5pUnHNI=
github.com/aws/aws-sdk-go-v2/service/ssooidc v1.26.5/go.mod h1:20sz31hv/WsPa3HhU3hfrIet2kxM4Pe0r20eBZ20Tac=
github.com/aws/aws-sdk-go-v2/service/sts v1.30.4 h1:iAckBT2OeEK/kBDyN/jDtpEExhjeeA/Im2q4X0rJZT8=
github.com/aws/aws-sdk-go-v2/service/sts v1.30.4/go.mod h1:vmSqFK+BVIwVpDAGZB3CoCXHzurt4qBE8lf+I/kRTh0=
github.com/aws/smithy-go v1.20.4 h1:2HK1zBdPgRbjFOHlfeQZfpC4r72MOb9bZkiFwggKO+4=
github.com/aws/smithy-go v1.20.4/go.mod h1:irrKGvNn1InZwb2d7fkIRNucdfwR8R+Ts3wxYa/cJHg=
github.com/b-harvest/Harvestmon/const v0.0.0-20240819021953-45a43531a1fb h1:ZiWevurWaVNghD+ErkT/Lkye13QSvElPxpyKtd7/noA=
github.com/b-harvest/Harvestmon/const v0.0.0-20240819021953-45a43531a1fb/go.mod h1:LQvPYbPLu5h2IJa4kpmkFqg8wGeXxScOuYetL5hE+N0=
github.com/b-harvest/Harvestmon/database v0.0.0-20240819021953-45a43531a1fb h1:57wjf4e0NcnBN+R7sB7MzZqa7F77wucoz8RF8hU1qEE=
github.com/b-harvest/Harvestmon/database v0.0.0-20240819021953-45a43531a1fb/go.mod h1:GpHci9bXhQ6yavnuAIhH2HsbP+ExU3TbBbZb4bmdX4g=
github.com/b-harvest/Harvestmon/database v0.0.0-20240819035955-7de2f8f19214 h1:LZkbseShUBzdDpvpt/l+gq+CabWDiUmX6bkGNe3NvrE=
github.com/b-harvest/Harvestmon/database v0.0.0-20240819035955-7de2f8f19214/go.mod h1:GpHci9bXhQ6yavnuAIhH2HsbP+ExU3TbBbZb4bmdX4g=
github.com/b-harvest/Harvestmon/database v0.0.0-20240819040716-bc8898e09aa5 h1:Ha64QqooTXFhev7dNDdAQR10S2iWWPzHd57MS21D6+E=
github.com/b-harvest/Harvestmon/database v0.0.0-20240819040716-bc8898e09aa5/go.mod h1:GpHci9bXhQ6yavnuAIhH2HsbP+ExU3TbBbZb4bmdX4g=
github.com/b-harvest/Harvestmon/log v0.0.0-20240819021953-45a43531a1fb h1:kp/5h1ve5N/+U9/zr6kIBg9e9keZPXCbqdzVwqaYsIQ=
github.com/b-harvest/Harvestmon/log v0.0.0-20240819021953-45a43531a1fb/go.mod h1:XcjE9+I5p/3StRdfoOL7DLRT/ZRFwdx3zwX6rs56vT8=
github.com/b-harvest/Harvestmon/log v0.0.0-20240821085128-ebf73bf00b54 h1:ogxUXjoYo8SX70zM1L5nVVx6pQLV2QrYdbKcd2Et5do=
github.com/b-harvest/Harvestmon/log v0.0.0-20240821085128-ebf73bf00b54/go.mod h1:XcjE9+I5p/3StRdfoOL7DLRT/ZRFwdx3zwX6rs56vT8=
github.com/b-harvest/Harvestmon/log v0.0.0-20240827074041-87099c372bae h1:QFs3wuVNsXoG2l70T3Sj7eWPn0BpGMpRf6ioWu3E2/I=
github.com/b-harvest/Harvestmon/log v0.0.0-20240827074041-87099c372bae/go.mod h1:XcjE9+I5p/3StRdfoOL7DLRT/ZRFwdx3zwX6rs56vT8=
github.com/b-harvest/Harvestmon/log v0.0.0-20240827081123-4e65595c5448 h1:Q5PFw4xtU+NoHhO9W5worYDuSTezPKGIz4sxUUcsv3A=
github.com/b-harvest/Harvestmon/log v0.0.0-20240827081123-4e65595c5448/go.mod h1:XcjE9+I5p/3StRdfoOL7DLRT/ZRFwdx3zwX6rs56vT8=
github.com/b-harvest/Harvestmon/log v0.0.0-20240827093959-6d3d297b6843 h1:3U9aXbTdOO+0E1cPkxp+TiEuFpDZm6POF7YLhKxCVH8=
github.com/b-harvest/Harvestmon/log v0.0.0-20240827093959-6d3d297b6843/go.mod h1:XcjE9+I5p/3StRdfoOL7DLRT/ZRFwdx3zwX6rs56vT8=
github.com/b-harvest/Harvestmon/log v0.0.0-20240828022740-78fcf74448fe h1:P06bUUSTu4xvzPQ6a4MMQzY/le/QeeJ86GoK/ZbwHvQ=
github.com/b-harvest/Harvestmon/log v0.0.0-20240828022740-78fcf74448fe/go.mod h1:XcjE9+I5p/3StRdfoOL7DLRT/ZRFwdx3zwX6rs56vT8=
github.com/b-harvest/Harvestmon/log v0.0.0-20240828063036-0d1cacfa9655 h1:/2vCsa4ycfJlNa+iCCZch4vIcgaIpmQ9YWP60MZzCaY=
github.com/b-harvest/Harvestmon/log v0.0.0-20240828063036-0d1cacfa9655/go.mod h1:XcjE9+I5p/3StRdfoOL7DLRT/ZRFwdx3zwX6rs56vT8=
github.com/b-harvest/Harvestmon/log v0.0.0-20240829054941-5fc5c7d7911d h1:aVzzjwjRSC/2DOs3oOXs9vEZnGCHjfsXnjPHPKsj0+c=
github.com/b-harvest/Harvestmon/log v0.0.0-20240829054941-5fc5c7d7911d/go.mod h1:XcjE9+I5p/3StRdfoOL7DLRT/ZRFwdx3zwX6rs56vT8=
github.com/b-harvest/Harvestmon/log v0.0.0-20240903060503-92d094bd4602 h1:5Jj66ggkbvswmE6iYW8wlKM1JkqZHVnDVQWvL6YonP8=
github.com/b-harvest/Harvestmon/log v0.0.0-20240903060503-92d094bd4602/go.mod h1:XcjE9+I5p/3StRdfoOL7DLRT/ZRFwdx3zwX6rs56vT8=
github.com/b-harvest/Harvestmon/repository v0.0.0-20240819021953-45a43531a1fb h1:DtaCGRymanXXiz/PJGecKaMUNcKsWHwMXKO9PDLyZj0=
github.com/b-harvest/Harvestmon/repository v0.0.0-20240819021953-45a43531a1fb/go.mod h1:JGqqyk0bmegi/OGu68FKEKr1JvDsEtTFmoikzZcBgSw=
github.com/b-harvest/Harvestmon/repository v0.0.0-20240822063254-ee923038e63a h1:S18m4SXB8P4GDsfp5hhcDMEscsSu/zbMuVse6y46+fE=
github.com/b-harvest/Harvestmon/repository v0.0.0-20240822063254-ee923038e63a/go.mod h1:JGqqyk0bmegi/OGu68FKEKr1JvDsEtTFmoikzZcBgSw=
github.com/b-harvest/Harvestmon/repository v0.0.0-20240827081123-4e65595c5448 h1:TeiVzp/o/O92ybfZogUkyk8VASGv/kfwHqFl4m3oEM8=
github.com/b-harvest/Harvestmon/repository v0.0.0-20240827081123-4e65595c5448/go.mod h1:JGqqyk0bmegi/OGu68FKEKr1JvDsEtTFmoikzZcBgSw=
github.com/b-harvest/Harvestmon/repository v0.0.0-20240827093959-6d3d297b6843 h1:n+bls6FcQ+8aJZI+TMG/p2SGYkZz0VuOo7MiuNk8q9w=
github.com/b-harvest/Harvestmon/repository v0.0.0-20240827093959-6d3d297b6843/go.mod h1:JGqqyk0bmegi/OGu68FKEKr1JvDsEtTFmoikzZcBgSw=
github.com/b-harvest/Harvestmon/repository v0.0.0-20240828014517-083f9b915123 h1:qn8hfMmKkZRnFARPquSDOY/VDL7dHyskHkRBk7fzGtc=
github.com/b-harvest/Harvestmon/repository v0.0.0-20240828014517-083f9b915123/go.mod h1:JGqqyk0bmegi/OGu68FKEKr1JvDsEtTFmoikzZcBgSw=
github.com/b-harvest/Harvestmon/repository v0.0.0-20240828022740-78fcf74448fe h1:M3DHNOWTFVQ95g+hxJK2dCltgc6MGA4CqgZFPzkwQYU=
github.com/b-harvest/Harvestmon/repository v0.0.0-20240828022740-78fcf74448fe/go.mod h1:JGqqyk0bmegi/OGu68FKEKr1JvDsEtTFmoikzZcBgSw=
github.com/b-harvest/Harvestmon/repository v0.0.0-20240828023924-3db6e09295bb h1:0iOuWHBpVZKH6Z5ZOzwErpMJxc87bgAT5NY+zt1XkDo=
github.com/b-harvest/Harvestmon/repository v0.0.0-20240828023924-3db6e09295bb/go.mod h1:JGqqyk0bmegi/OGu68FKEKr1JvDsEtTFmoikzZcBgSw=
github.com/b-harvest/Harvestmon/repository v0.0.0-20240829044141-e4edcf58c1f4 h1:Xsis9HGVsbKPOOkD+Y7ROu6sKfLOae+OxGwY1SzQGVw=
github.com/b-harvest/Harvestmon/repository v0.0.0-20240829044141-e4edcf58c1f4/go.mod h1:JGqqyk0bmegi/OGu68FKEKr1JvDsEtTFmoikzZcBgSw=
github.com/b-harvest/Harvestmon/repository v0.0.0-20240829060008-a47498dfc8e9 h1:q9hXPlGGWN8wF0P0JJA45dQ8wCEh7PW75PK6yl8RSYo=
github.com/b-harvest/Harvestmon/repository v0.0.0-20240829060008-a47498dfc8e9/go.mod h1:JGqqyk0bmegi/OGu68FKEKr1JvDsEtTFmoikzZcBgSw=
github.com/b-harvest/Harvestmon/repository v0.0.0-20240903065517-deb793280d8d h1:1NPKqYLzR4M0KYBYZD+hOsrTqN+XzeHuPANHX1GPsgE=
github.com/b-harvest/Harvestmon/repository v0.0.0-20240903065517-deb793280d8d/go.mod h1:JGqqyk0bmegi/OGu68FKEKr1JvDsEtTFmoikzZcBgSw=
github.com/b-harvest/Harvestmon/util v0.0.0-20240819021953-45a43531a1fb h1:c8tpbjCbjikyTM0Xcs/JROR+TcxwV+8r3MTLa7cHeNs=
github.com/b-harvest/Harvestmon/util v0.0.0-20240819021953-45a43531a1fb/go.mod h1:twwuDaFvOt0/0MbgQ329B/PMbACGUWFjA5A7Hpf+WtI=
github.com/b-harvest/Harvestmon/util v0.0.0-20240821085128-ebf73bf00b54 h1:PNUd7k42TIEch88Hmnp1r2NIfY0WVHPXelgSwJU1qAU=
github.com/b-harvest/Harvestmon/util v0.0.0-20240821085128-ebf73bf00b54/go.mod h1:twwuDaFvOt0/0MbgQ329B/PMbACGUWFjA5A7Hpf+WtI=
github.com/b-harvest/Harvestmon/util v0.0.0-20240827074041-87099c372bae h1:170OpLPU712wpyInAuJId/peeKes2MQYpxjRFNaKBPM=
github.com/b-harvest/Harvestmon/util v0.0.0-20240827074041-87099c372bae/go.mod h1:twwuDaFvOt0/0MbgQ329B/PMbACGUWFjA5A7Hpf+WtI=
github.com/b-harvest/Harvestmon/util v0.0.0-20240827081123-4e65595c5448 h1:yvwM55XUK88G7e8NKRc8IvC2EgtWXhTdJkL7VrWxCTY=
github.com/b-harvest/Harvestmon/util v0.0.0-20240827081123-4e65595c5448/go.mod h1:twwuDaFvOt0/0MbgQ329B/PMbACGUWFjA5A7Hpf+WtI=
github.com/b-harvest/Harvestmon/util v0.0.0-20240827093959-6d3d297b6843 h1:7cQKlMD2zY0B1lrSZ/jXvCIvqiL34tLGNOXB5MUXc5A=
github.com/b-harvest/Harvestmon/util v0.0.0-20240827093959-6d3d297b6843/go.mod h1:twwuDaFvOt0/0MbgQ329B/PMbACGUWFjA5A7Hpf+WtI=
github.com/b-harvest/Harvestmon/util v0.0.0-20240828014517-083f9b915123 h1:JvZdyhLxfFGOL0uEI7e1MmtYcQRVbG14ICxZLpsGSt4=
github.com/b-harvest/Harvestmon/util v0.0.0-20240828014517-083f9b915123/go.mod h1:twwuDaFvOt0/0MbgQ329B/PMbACGUWFjA5A7Hpf+WtI=
github.com/b-harvest/Harvestmon/util v0.0.0-20240828063036-0d1cacfa9655 h1:GnJFVrouhLIEaXqmPR1rvgde3OnLSEv+7TmW0L19MO8=
github.com/b-harvest/Harvestmon/util v0.0.0-20240828063036-0d1cacfa9655/go.mod h1:twwuDaFvOt0/0MbgQ329B/PMbACGUWFjA5A7Hpf+WtI=
github.com/b-harvest/Harvestmon/util v0.0.0-20240829054941-5fc5c7d7911d h1:d1LRMmlLZReifmwRUup7MO/M/gO6DzSd+7rhw3j5k/M=
github.com/b-harvest/Harvestmon/util v0.0.0-20240829054941-5fc5c7d7911d/go.mod h1:twwuDaFvOt0/0MbgQ329B/PMbACGUWFjA5A7Hpf+WtI=
github.com/b-harvest/Harvestmon/util v0.0.0-20240903060503-92d094bd4602 h1:qawb4FsQJDHQcks2sUblTxJNg4RuCL9y16Ss7IxBrWw=
github.com/b-harvest/Harvestmon/util v0.0.0-20240903060503-92d094bd4602/go.mod h1:twwuDaFvOt0/0MbgQ329B/PMbACGUWFjA5A7Hpf+WtI=
github.com/coreos/go-systemd/v22 v22.5.0/go.mod h1:Y58oyj3AT4RCenI/lSvhwexgC+NSVTIJ3seZv2GcEnc=
github.com/davecgh/go-spew v1.1.0/go.mod h1:J7Y8YcW2NihsgmVo/mv3lAwl/skON4iLHjSsI+c5H38=
github.com/davecgh/go-spew v1.1.1 h1:vj9j/u1bqnvCEfJOwUhtlOARqs3+rkHYY13jYWTU97c=
github.com/davecgh/go-spew v1.1.1/go.mod h1:J7Y8YcW2NihsgmVo/mv3lAwl/skON4iLHjSsI+c5H38=
github.com/go-sql-driver/mysql v1.7.0/go.mod h1:OXbVy3sEdcQ2Doequ6Z5BW6fXNQTmx+9S1MCJN5yJMI=
github.com/go-sql-driver/mysql v1.8.1 h1:LedoTUt/eveggdHS9qUFC1EFSa8bU2+1pZjSRpvNJ1Y=
github.com/go-sql-driver/mysql v1.8.1/go.mod h1:wEBSXgmK//2ZFJyE+qWnIsVGmvmEKlqwuVSjsCm7DZg=
github.com/godbus/dbus/v5 v5.0.4/go.mod h1:xhWf0FNVPg57R7Z0UbKHbJfkEywrmjJnf7w5xrFpKfA=
github.com/google/uuid v1.6.0 h1:NIvaJDMOsjHA8n1jAhLSgzrAzy1Hgr+hNrb57e+94F0=
github.com/google/uuid v1.6.0/go.mod h1:TIyPZe4MgqvfeYDBFedMoGGpEw/LqOeaOT+nhxU+yHo=
github.com/jinzhu/inflection v1.0.0 h1:K317FqzuhWc8YvSVlFMCCUb36O/S9MCKRDI7QkRKD/E=
github.com/jinzhu/inflection v1.0.0/go.mod h1:h+uFLlag+Qp1Va5pdKtLDYj+kHp5pxUVkryuEj+Srlc=
github.com/jinzhu/now v1.1.5 h1:/o9tlHleP7gOFmsnYNz3RGnqzefHA47wQpKrrdTIwXQ=
github.com/jinzhu/now v1.1.5/go.mod h1:d3SSVoowX0Lcu0IBviAWJpolVfI5UJVZZ7cO71lE/z8=
github.com/jmespath/go-jmespath v0.4.0 h1:BEgLn5cpjn8UN1mAw4NjwDrS35OdebyEtFe+9YPoQUg=
github.com/jmespath/go-jmespath v0.4.0/go.mod h1:T8mJZnbsbmF+m6zOOFylbeCJqk5+pHWvzYPziyZiYoo=
github.com/jmespath/go-jmespath/internal/testify v1.5.1 h1:shLQSRRSCCPj3f2gpwzGwWFoC7ycTf1rcQZHOlsJ6N8=
github.com/jmespath/go-jmespath/internal/testify v1.5.1/go.mod h1:L3OGu8Wl2/fWfCI6z80xFu9LTZmf1ZRjMHUOPmWr69U=
github.com/mattn/go-colorable v0.1.13 h1:fFA4WZxdEF4tXPZVKMLwD8oUnCTTo08duU7wxecdEvA=
github.com/mattn/go-colorable v0.1.13/go.mod h1:7S9/ev0klgBDR4GtXTXX8a3vIGJpMovkB8vQcUbaXHg=
github.com/mattn/go-isatty v0.0.16/go.mod h1:kYGgaQfpe5nmfYZH+SKPsOc2e4SrIfOl2e/yFXSvRLM=
github.com/mattn/go-isatty v0.0.19/go.mod h1:W+V8PltTTMOvKvAeJH7IuucS94S2C6jfK/D7dTCTo3Y=
github.com/mattn/go-isatty v0.0.20 h1:xfD0iDuEKnDkl03q4limB+vH+GxLEtL/jb4xVJSWWEY=
github.com/mattn/go-isatty v0.0.20/go.mod h1:W+V8PltTTMOvKvAeJH7IuucS94S2C6jfK/D7dTCTo3Y=
github.com/pkg/errors v0.9.1 h1:FEBLx1zS214owpjy7qsBeixbURkuhQAwrK5UwLGTwt4=
github.com/pkg/errors v0.9.1/go.mod h1:bwawxfHBFNV+L2hUp1rHADufV3IMtnDRdf1r5NINEl0=
github.com/pmezard/go-difflib v1.0.0 h1:4DBwDE0NGyQoBHbLQYPwSUPoCMWR5BEzIk/f1lZbAQM=
github.com/pmezard/go-difflib v1.0.0/go.mod h1:iKH77koFhYxTK1pcRnkKkqfTogsbg7gZNVY4sRDYZ/4=
github.com/rs/xid v1.5.0/go.mod h1:trrq9SKmegXys3aeAKXMUTdJsYXVwGY3RLcfgqegfbg=
github.com/rs/zerolog v1.33.0 h1:1cU2KZkvPxNyfgEmhHAz/1A9Bz+llsdYzklWFzgp0r8=
github.com/rs/zerolog v1.33.0/go.mod h1:/7mN4D5sKwJLZQ2b/znpjC3/GQWY/xaDXUM0kKWRHss=
github.com/stretchr/objx v0.1.0/go.mod h1:HFkY916IF+rwdDfMAkV7OtwuqBVzrE8GR6GFx+wExME=
github.com/stretchr/testify v1.9.0 h1:HtqpIVDClZ4nwg75+f6Lvsy/wHu+3BoSGCbBAcpTsTg=
github.com/stretchr/testify v1.9.0/go.mod h1:r2ic/lqez/lEtzL7wO/rwa5dbSLXVDPFyf8C91i36aY=
golang.org/x/sys v0.0.0-20220811171246-fbc7d0a398ab/go.mod h1:oPkhp1MJrh7nUepCBck5+mAzfO9JrbApNNgaTdGDITg=
golang.org/x/sys v0.6.0/go.mod h1:oPkhp1MJrh7nUepCBck5+mAzfO9JrbApNNgaTdGDITg=
golang.org/x/sys v0.12.0/go.mod h1:oPkhp1MJrh7nUepCBck5+mAzfO9JrbApNNgaTdGDITg=
golang.org/x/sys v0.24.0 h1:Twjiwq9dn6R1fQcyiK+wQyHWfaz/BJB+YIpzU/Cv3Xg=
golang.org/x/sys v0.24.0/go.mod h1:/VUhepiaJMQUp4+oa/7Zr1D23ma6VTLIYjOOTFZPUcA=
golang.org/x/text v0.17.0 h1:XtiM5bkSOt+ewxlOE/aE/AKEHibwj/6gvWMl9Rsh0Qc=
golang.org/x/text v0.17.0/go.mod h1:BuEKDfySbSR4drPmRPG/7iBdf8hvFMuRexcpahXilzY=
gopkg.in/check.v1 v0.0.0-20161208181325-20d25e280405 h1:yhCVgyC4o1eVCa2tZl7eS0r+SDo693bJlVdllGtEeKM=
gopkg.in/check.v1 v0.0.0-20161208181325-20d25e280405/go.mod h1:Co6ibVJAznAaIkqp8huTwlJQCZ016jof/cbN4VW5Yz0=
gopkg.in/yaml.v2 v2.2.8 h1:obN1ZagJSUGI0Ek/LBmuj4SNLPfIny3KsKFopxRdj10=
gopkg.in/yaml.v2 v2.2.8/go.mod h1:hI93XBmqTisBFMUTm0b8Fm+jr3Dg1NNxqwp+5A1VGuI=
gopkg.in/yaml.v3 v3.0.1 h1:fxVm/GzAzEWqLHuvctI91KS9hhNmmWOoWu0XTYJS7CA=
gopkg.in/yaml.v3 v3.0.1/go.mod h1:K4uyk7z7BCEPqu6E+C64Yfv1cQ7kz7rIZviUmN+EgEM=
gorm.io/driver/mysql v1.5.7 h1:MndhOPYOfEp2rHKgkZIhJ16eVUIRf2HmzgoPmh7FCWo=
gorm.io/driver/mysql v1.5.7/go.mod h1:sEtPWMiqiN1N1cMXoXmBbd8C6/l+TESwriotuRRpkDM=
gorm.io/gorm v1.25.7/go.mod h1:hbnx/Oo0ChWMn1BIhpy1oYozzpM15i4YPuHDmfYtwg8=
gorm.io/gorm v1.25.11 h1:/Wfyg1B/je1hnDx3sMkX+gAlxrlZpn6X0BXRlwXlvHg=
gorm.io/gorm v1.25.11/go.mod h1:xh7N7RHfYlNc5EmcI/El95gXusucDrQnHXe0+CgWcLQ=
