filippo.io/edwards25519 v1.1.0 h1:FNf4tywRC1HmFuKW5xopWpigGjJKiJSV0Cqo0cJWDaA=
filippo.io/edwards25519 v1.1.0/go.mod h1:BxyFTGdWcka3PhytdK4V28tE5sGfRvvvRV7EaN4VDT4=
github.com/aws/aws-sdk-go-v2 v1.30.4 h1:frhcagrVNrzmT95RJImMHgabt99vkXGslubDaDagTk8=
github.com/aws/aws-sdk-go-v2 v1.30.4/go.mod h1:CT+ZPWXbYrci8chcARI3OmI/qgd+f6WtuLOoaIA8PR0=
github.com/aws/aws-sdk-go-v2/config v1.27.28 h1:OTxWGW/91C61QlneCtnD62NLb4W616/NM1jA8LhJqbg=
github.com/aws/aws-sdk-go-v2/config v1.27.28/go.mod h1:uzVRVtJSU5EFv6Fu82AoVFKozJi2ZCY6WRCXj06rbvs=
github.com/aws/aws-sdk-go-v2/config v1.27.31 h1:kxBoRsjhT3pq0cKthgj6RU6bXTm/2SgdoUMyrVw0rAI=
github.com/aws/aws-sdk-go-v2/config v1.27.31/go.mod h1:z04nZdSWFPaDwK3DdJOG2r+scLQzMYuJeW0CujEm9FM=
github.com/aws/aws-sdk-go-v2/credentials v1.17.28 h1:m8+AHY/ND8CMHJnPoH7PJIRakWGa4gbfbxuY9TGTUXM=
github.com/aws/aws-sdk-go-v2/credentials v1.17.28/go.mod h1:6TF7dSc78ehD1SL6KpRIPKMA1GyyWflIkjqg+qmf4+c=
github.com/aws/aws-sdk-go-v2/credentials v1.17.30 h1:aau/oYFtibVovr2rDt8FHlU17BTicFEMAi29V1U+L5Q=
github.com/aws/aws-sdk-go-v2/credentials v1.17.30/go.mod h1:BPJ/yXV92ZVq6G8uYvbU0gSl8q94UB63nMT5ctNO38g=
github.com/aws/aws-sdk-go-v2/feature/ec2/imds v1.16.12 h1:yjwoSyDZF8Jth+mUk5lSPJCkMC0lMy6FaCD51jm6ayE=
github.com/aws/aws-sdk-go-v2/feature/ec2/imds v1.16.12/go.mod h1:fuR57fAgMk7ot3WcNQfb6rSEn+SUffl7ri+aa8uKysI=
github.com/aws/aws-sdk-go-v2/feature/rds/auth v1.4.16 h1:ArEu0pWBXA14uzHKVdvAiutAwRV87pcGa/M3Y0faWx0=
github.com/aws/aws-sdk-go-v2/feature/rds/auth v1.4.16/go.mod h1:2v2sY9K3hdtQB8kwpOFqrQGXt/azV+AG5lLXZY78IKg=
github.com/aws/aws-sdk-go-v2/internal/configsources v1.3.16 h1:TNyt/+X43KJ9IJJMjKfa3bNTiZbUP7DeCxfbTROESwY=
github.com/aws/aws-sdk-go-v2/internal/configsources v1.3.16/go.mod h1:2DwJF39FlNAUiX5pAc0UNeiz16lK2t7IaFcm0LFHEgc=
github.com/aws/aws-sdk-go-v2/internal/endpoints/v2 v2.6.16 h1:jYfy8UPmd+6kJW5YhY0L1/KftReOGxI/4NtVSTh9O/I=
github.com/aws/aws-sdk-go-v2/internal/endpoints/v2 v2.6.16/go.mod h1:7ZfEPZxkW42Afq4uQB8H2E2e6ebh6mXTueEpYzjCzcs=
github.com/aws/aws-sdk-go-v2/internal/ini v1.8.1 h1:VaRN3TlFdd6KxX1x3ILT5ynH6HvKgqdiXoTxAF4HQcQ=
github.com/aws/aws-sdk-go-v2/internal/ini v1.8.1/go.mod h1:FbtygfRFze9usAadmnGJNc8KsP346kEe+y2/oyhGAGc=
github.com/aws/aws-sdk-go-v2/service/internal/accept-encoding v1.11.4 h1:KypMCbLPPHEmf9DgMGw51jMj77VfGPAN2Kv4cfhlfgI=
github.com/aws/aws-sdk-go-v2/service/internal/accept-encoding v1.11.4/go.mod h1:Vz1JQXliGcQktFTN/LN6uGppAIRoLBR2bMvIMP0gOjc=
github.com/aws/aws-sdk-go-v2/service/internal/presigned-url v1.11.18 h1:tJ5RnkHCiSH0jyd6gROjlJtNwov0eGYNz8s8nFcR0jQ=
github.com/aws/aws-sdk-go-v2/service/internal/presigned-url v1.11.18/go.mod h1:++NHzT+nAF7ZPrHPsA+ENvsXkOO8wEu+C6RXltAG4/c=
github.com/aws/aws-sdk-go-v2/service/sso v1.22.5 h1:zCsFCKvbj25i7p1u94imVoO447I/sFv8qq+lGJhRN0c=
github.com/aws/aws-sdk-go-v2/service/sso v1.22.5/go.mod h1:ZeDX1SnKsVlejeuz41GiajjZpRSWR7/42q/EyA/QEiM=
github.com/aws/aws-sdk-go-v2/service/ssooidc v1.26.5 h1:SKvPgvdvmiTWoi0GAJ7AsJfOz3ngVkD/ERbs5pUnHNI=
github.com/aws/aws-sdk-go-v2/service/ssooidc v1.26.5/go.mod h1:20sz31hv/WsPa3HhU3hfrIet2kxM4Pe0r20eBZ20Tac=
github.com/aws/aws-sdk-go-v2/service/sts v1.30.4 h1:iAckBT2OeEK/kBDyN/jDtpEExhjeeA/Im2q4X0rJZT8=
github.com/aws/aws-sdk-go-v2/service/sts v1.30.4/go.mod h1:vmSqFK+BVIwVpDAGZB3CoCXHzurt4qBE8lf+I/kRTh0=
github.com/aws/aws-sdk-go-v2/service/sts v1.30.5 h1:OMsEmCyz2i89XwRwPouAJvhj81wINh+4UK+k/0Yo/q8=
github.com/aws/aws-sdk-go-v2/service/sts v1.30.5/go.mod h1:vmSqFK+BVIwVpDAGZB3CoCXHzurt4qBE8lf+I/kRTh0=
github.com/aws/smithy-go v1.20.4 h1:2HK1zBdPgRbjFOHlfeQZfpC4r72MOb9bZkiFwggKO+4=
github.com/aws/smithy-go v1.20.4/go.mod h1:irrKGvNn1InZwb2d7fkIRNucdfwR8R+Ts3wxYa/cJHg=
github.com/b-harvest/Harvestmon/const v0.0.0-20240819041657-ba09ae25392e h1:wYDtdJqNvGQIoVR8Ujnzb2WnibeJajiYwcbD6lmqd68=
github.com/b-harvest/Harvestmon/const v0.0.0-20240819041657-ba09ae25392e/go.mod h1:LQvPYbPLu5h2IJa4kpmkFqg8wGeXxScOuYetL5hE+N0=
github.com/b-harvest/Harvestmon/database v0.0.0-20240819062245-d54b4d93d126 h1:+HVd6i+I9fNIqsG+y+RF5iGvFpID65E/LW4HGAMOYpU=
github.com/b-harvest/Harvestmon/database v0.0.0-20240819062245-d54b4d93d126/go.mod h1:GpHci9bXhQ6yavnuAIhH2HsbP+ExU3TbBbZb4bmdX4g=
github.com/b-harvest/Harvestmon/database v0.0.0-20240827074041-87099c372bae h1:DJxpbBCp5FVX10KLPGRvERjWEbX3jGZ6vsq2KPFHITg=
github.com/b-harvest/Harvestmon/database v0.0.0-20240827074041-87099c372bae/go.mod h1:GpHci9bXhQ6yavnuAIhH2HsbP+ExU3TbBbZb4bmdX4g=
github.com/b-harvest/Harvestmon/database v0.0.0-20240829051951-a2eb82cb54f8 h1:RBHfEDjZLuqqn9HinZc7EFuM9fZ1ZNXrjSGWc1BWcSY=
github.com/b-harvest/Harvestmon/database v0.0.0-20240829051951-a2eb82cb54f8/go.mod h1:GpHci9bXhQ6yavnuAIhH2HsbP+ExU3TbBbZb4bmdX4g=
github.com/b-harvest/Harvestmon/database v0.0.0-20240829052334-4b2b80c20a94 h1:83V6iHZRtociKEZaeYopYS8ArEw30/KCxL/xQM1mUXE=
github.com/b-harvest/Harvestmon/database v0.0.0-20240829052334-4b2b80c20a94/go.mod h1:GpHci9bXhQ6yavnuAIhH2HsbP+ExU3TbBbZb4bmdX4g=
github.com/b-harvest/Harvestmon/log v0.0.0-20240819041657-ba09ae25392e h1:vTEbNgQPOZ/Ysa7aU2j6gFDn18fFCxbMCVQZFPRT99g=
github.com/b-harvest/Harvestmon/log v0.0.0-20240819041657-ba09ae25392e/go.mod h1:XcjE9+I5p/3StRdfoOL7DLRT/ZRFwdx3zwX6rs56vT8=
github.com/b-harvest/Harvestmon/log v0.0.0-20240828063036-0d1cacfa9655 h1:/2vCsa4ycfJlNa+iCCZch4vIcgaIpmQ9YWP60MZzCaY=
github.com/b-harvest/Harvestmon/log v0.0.0-20240828063036-0d1cacfa9655/go.mod h1:XcjE9+I5p/3StRdfoOL7DLRT/ZRFwdx3zwX6rs56vT8=
github.com/b-harvest/Harvestmon/log v0.0.0-20240829052334-4b2b80c20a94 h1:inwMj7OirMoUwRhNHEp4c6VAYt4DGFeStCPkkVrQkG0=
github.com/b-harvest/Harvestmon/log v0.0.0-20240829052334-4b2b80c20a94/go.mod h1:XcjE9+I5p/3StRdfoOL7DLRT/ZRFwdx3zwX6rs56vT8=
github.com/b-harvest/Harvestmon/log v0.0.0-20240829054941-5fc5c7d7911d h1:aVzzjwjRSC/2DOs3oOXs9vEZnGCHjfsXnjPHPKsj0+c=
github.com/b-harvest/Harvestmon/log v0.0.0-20240829054941-5fc5c7d7911d/go.mod h1:XcjE9+I5p/3StRdfoOL7DLRT/ZRFwdx3zwX6rs56vT8=
github.com/b-harvest/Harvestmon/log v0.0.0-20240829061101-1f5981d6b335 h1:uMelsj01NbfPeOGmT2xdER1jqXNhVNdPv/+JL5owMkE=
github.com/b-harvest/Harvestmon/log v0.0.0-20240829061101-1f5981d6b335/go.mod h1:XcjE9+I5p/3StRdfoOL7DLRT/ZRFwdx3zwX6rs56vT8=
github.com/b-harvest/Harvestmon/log v0.0.0-20240829062457-fa15e523d7a9 h1:tm66EKdeDjjTY0ILsCwFxDjVRbPO2/1H59enN9rEZAE=
github.com/b-harvest/Harvestmon/log v0.0.0-20240829062457-fa15e523d7a9/go.mod h1:XcjE9+I5p/3StRdfoOL7DLRT/ZRFwdx3zwX6rs56vT8=
github.com/b-harvest/Harvestmon/log v0.0.0-20240829065230-94d1fc69c3c1 h1:zUsfI0Okvvv/y4FPHySHatUmI20EYOYd2Wa6MgJn3Aw=
github.com/b-harvest/Harvestmon/log v0.0.0-20240829065230-94d1fc69c3c1/go.mod h1:XcjE9+I5p/3StRdfoOL7DLRT/ZRFwdx3zwX6rs56vT8=
github.com/b-harvest/Harvestmon/log v0.0.0-20240829072329-ce78a4bd9f94 h1:cdvkSHEqUCHG9m+NjsoPy+BqsMyPHacQbMIRo9OxSMw=
github.com/b-harvest/Harvestmon/log v0.0.0-20240829072329-ce78a4bd9f94/go.mod h1:XcjE9+I5p/3StRdfoOL7DLRT/ZRFwdx3zwX6rs56vT8=
github.com/b-harvest/Harvestmon/log v0.0.0-20240829075143-21caaac5d53d h1:INQZUNuFewDiNsNBhplReAYp+gTB1xjC9Cp0pnBmVxU=
github.com/b-harvest/Harvestmon/log v0.0.0-20240829075143-21caaac5d53d/go.mod h1:XcjE9+I5p/3StRdfoOL7DLRT/ZRFwdx3zwX6rs56vT8=
github.com/b-harvest/Harvestmon/repository v0.0.0-20240819041657-ba09ae25392e h1:o3zaCUGmI8MNOc9nkMVN9XTt3K/bpe+Xm+yEfKiy4so=
github.com/b-harvest/Harvestmon/repository v0.0.0-20240819041657-ba09ae25392e/go.mod h1:JGqqyk0bmegi/OGu68FKEKr1JvDsEtTFmoikzZcBgSw=
github.com/b-harvest/Harvestmon/repository v0.0.0-20240829044141-e4edcf58c1f4 h1:Xsis9HGVsbKPOOkD+Y7ROu6sKfLOae+OxGwY1SzQGVw=
github.com/b-harvest/Harvestmon/repository v0.0.0-20240829044141-e4edcf58c1f4/go.mod h1:JGqqyk0bmegi/OGu68FKEKr1JvDsEtTFmoikzZcBgSw=
github.com/b-harvest/Harvestmon/repository v0.0.0-20240829044807-143a99f8315a h1:fNyO0vTzerVEZoHpWzocyLsqnx8SXhf8iepFtOwD3Ec=
github.com/b-harvest/Harvestmon/repository v0.0.0-20240829044807-143a99f8315a/go.mod h1:JGqqyk0bmegi/OGu68FKEKr1JvDsEtTFmoikzZcBgSw=
github.com/b-harvest/Harvestmon/repository v0.0.0-20240829053455-8d5b7dd480fd h1:HQwa/hBDbC4nn53RBpgkb5VWBXKqsB4KN9H/ohJFkC0=
github.com/b-harvest/Harvestmon/repository v0.0.0-20240829053455-8d5b7dd480fd/go.mod h1:JGqqyk0bmegi/OGu68FKEKr1JvDsEtTFmoikzZcBgSw=
github.com/b-harvest/Harvestmon/repository v0.0.0-20240829054457-d0c485f83e68 h1:OTLkgGr2CIxZJPkD4sEvDTd+/xYfoZOwjIq++pe/w5k=
github.com/b-harvest/Harvestmon/repository v0.0.0-20240829054457-d0c485f83e68/go.mod h1:JGqqyk0bmegi/OGu68FKEKr1JvDsEtTFmoikzZcBgSw=
github.com/b-harvest/Harvestmon/repository v0.0.0-20240829054941-5fc5c7d7911d h1:n1LuDj0x/mM3M8sbjQIvMmwIusfzg7VrCtvyDBM22v8=
github.com/b-harvest/Harvestmon/repository v0.0.0-20240829054941-5fc5c7d7911d/go.mod h1:JGqqyk0bmegi/OGu68FKEKr1JvDsEtTFmoikzZcBgSw=
github.com/b-harvest/Harvestmon/repository v0.0.0-20240829060008-a47498dfc8e9 h1:q9hXPlGGWN8wF0P0JJA45dQ8wCEh7PW75PK6yl8RSYo=
github.com/b-harvest/Harvestmon/repository v0.0.0-20240829060008-a47498dfc8e9/go.mod h1:JGqqyk0bmegi/OGu68FKEKr1JvDsEtTFmoikzZcBgSw=
github.com/b-harvest/Harvestmon/repository v0.0.0-20240829061101-1f5981d6b335 h1:YrSfwU3fy+MytM+nC6to0KtUZjREXcVA+E1MBo+OsYc=
github.com/b-harvest/Harvestmon/repository v0.0.0-20240829061101-1f5981d6b335/go.mod h1:JGqqyk0bmegi/OGu68FKEKr1JvDsEtTFmoikzZcBgSw=
github.com/b-harvest/Harvestmon/repository v0.0.0-20240829062029-35ce38f4da4a h1:soy3qRGbGYCYh55AcZAxBGoTtBIRQ7XHDiE/h5zAnTA=
github.com/b-harvest/Harvestmon/repository v0.0.0-20240829062029-35ce38f4da4a/go.mod h1:JGqqyk0bmegi/OGu68FKEKr1JvDsEtTFmoikzZcBgSw=
github.com/b-harvest/Harvestmon/repository v0.0.0-20240829062457-fa15e523d7a9 h1:cZvavy+86mnsssRzvdx7tC/X/K0HPrKL9BqXKit2qOo=
github.com/b-harvest/Harvestmon/repository v0.0.0-20240829062457-fa15e523d7a9/go.mod h1:JGqqyk0bmegi/OGu68FKEKr1JvDsEtTFmoikzZcBgSw=
github.com/b-harvest/Harvestmon/repository v0.0.0-20240829064220-587d9b415239 h1:OgOwhtAXu0RrOT7A5uvI6thH3VRBgx9icFqoYNdKxQ8=
github.com/b-harvest/Harvestmon/repository v0.0.0-20240829064220-587d9b415239/go.mod h1:JGqqyk0bmegi/OGu68FKEKr1JvDsEtTFmoikzZcBgSw=
github.com/b-harvest/Harvestmon/repository v0.0.0-20240829065230-94d1fc69c3c1 h1:EbU7InJFjReOZGI0mhlRzimgNlrmi8LrGA2EVubA7L0=
github.com/b-harvest/Harvestmon/repository v0.0.0-20240829065230-94d1fc69c3c1/go.mod h1:JGqqyk0bmegi/OGu68FKEKr1JvDsEtTFmoikzZcBgSw=
github.com/b-harvest/Harvestmon/repository v0.0.0-20240829072329-ce78a4bd9f94 h1:zPJypRZlHfH8lfVCkvmF3+1JVWw0vaGv+3eL/GkNFUY=
github.com/b-harvest/Harvestmon/repository v0.0.0-20240829072329-ce78a4bd9f94/go.mod h1:JGqqyk0bmegi/OGu68FKEKr1JvDsEtTFmoikzZcBgSw=
github.com/b-harvest/Harvestmon/repository v0.0.0-20240829072947-c3b9bba7d231 h1:lGBdiK4/fzQbQjse/JpJA2G9yBBtekAMhaUi4+Wq3b4=
github.com/b-harvest/Harvestmon/repository v0.0.0-20240829072947-c3b9bba7d231/go.mod h1:JGqqyk0bmegi/OGu68FKEKr1JvDsEtTFmoikzZcBgSw=
github.com/b-harvest/Harvestmon/repository v0.0.0-20240903060503-92d094bd4602 h1:FwH417RUodHKlvRnevNndVcwGJHkfnabO0DrejSHEi8=
github.com/b-harvest/Harvestmon/repository v0.0.0-20240903060503-92d094bd4602/go.mod h1:JGqqyk0bmegi/OGu68FKEKr1JvDsEtTFmoikzZcBgSw=
github.com/b-harvest/Harvestmon/util v0.0.0-20240819041657-ba09ae25392e h1:BGuNxrvcx9TDTmRBk+pUoUKZK3Pm18Sl4XHjVoIzVAQ=
github.com/b-harvest/Harvestmon/util v0.0.0-20240819041657-ba09ae25392e/go.mod h1:twwuDaFvOt0/0MbgQ329B/PMbACGUWFjA5A7Hpf+WtI=
github.com/b-harvest/Harvestmon/util v0.0.0-20240828063036-0d1cacfa9655 h1:GnJFVrouhLIEaXqmPR1rvgde3OnLSEv+7TmW0L19MO8=
github.com/b-harvest/Harvestmon/util v0.0.0-20240828063036-0d1cacfa9655/go.mod h1:twwuDaFvOt0/0MbgQ329B/PMbACGUWFjA5A7Hpf+WtI=
github.com/b-harvest/Harvestmon/util v0.0.0-20240829052334-4b2b80c20a94 h1:4MOYrwk6iH603YfGv0IG+5++Kcw4qfSiZXRBw72hDX4=
github.com/b-harvest/Harvestmon/util v0.0.0-20240829052334-4b2b80c20a94/go.mod h1:twwuDaFvOt0/0MbgQ329B/PMbACGUWFjA5A7Hpf+WtI=
github.com/b-harvest/Harvestmon/util v0.0.0-20240829054941-5fc5c7d7911d h1:d1LRMmlLZReifmwRUup7MO/M/gO6DzSd+7rhw3j5k/M=
github.com/b-harvest/Harvestmon/util v0.0.0-20240829054941-5fc5c7d7911d/go.mod h1:twwuDaFvOt0/0MbgQ329B/PMbACGUWFjA5A7Hpf+WtI=
github.com/b-harvest/Harvestmon/util v0.0.0-20240829061101-1f5981d6b335 h1:SBauLB9Got6tdClWbHV3KgYkyLZWkEyPVsSkMTuNFLc=
github.com/b-harvest/Harvestmon/util v0.0.0-20240829061101-1f5981d6b335/go.mod h1:twwuDaFvOt0/0MbgQ329B/PMbACGUWFjA5A7Hpf+WtI=
github.com/b-harvest/Harvestmon/util v0.0.0-20240829062457-fa15e523d7a9 h1:NvXiO1x1DU0Aa3K0T8sysocmUFT1lWDt4ccdviOM7es=
github.com/b-harvest/Harvestmon/util v0.0.0-20240829062457-fa15e523d7a9/go.mod h1:twwuDaFvOt0/0MbgQ329B/PMbACGUWFjA5A7Hpf+WtI=
github.com/b-harvest/Harvestmon/util v0.0.0-20240829065230-94d1fc69c3c1 h1:wxu/Rg0nJ/tXXXG+spi5B+SNXOsqIUxwh0LRo59s9c8=
github.com/b-harvest/Harvestmon/util v0.0.0-20240829065230-94d1fc69c3c1/go.mod h1:twwuDaFvOt0/0MbgQ329B/PMbACGUWFjA5A7Hpf+WtI=
github.com/b-harvest/Harvestmon/util v0.0.0-20240829075143-21caaac5d53d h1:I896++boQew+Xjt8wBqU/XzQpwpNp4N0/nI7+iEmDj0=
github.com/b-harvest/Harvestmon/util v0.0.0-20240829075143-21caaac5d53d/go.mod h1:twwuDaFvOt0/0MbgQ329B/PMbACGUWFjA5A7Hpf+WtI=
github.com/coreos/go-systemd/v22 v22.3.3-0.20220203105225-a9a7ef127534/go.mod h1:Y58oyj3AT4RCenI/lSvhwexgC+NSVTIJ3seZv2GcEnc=
github.com/coreos/go-systemd/v22 v22.5.0/go.mod h1:Y58oyj3AT4RCenI/lSvhwexgC+NSVTIJ3seZv2GcEnc=
github.com/creack/pty v1.1.9/go.mod h1:oKZEueFk5CKHvIhNR5MUki03XCEU+Q6VDXinZuGJ33E=
github.com/davecgh/go-spew v1.1.2-0.20180830191138-d8f796af33cc h1:U9qPSI2PIWSS1VwoXQT9A3Wy9MM3WgvqSxFWenqJduM=
github.com/davecgh/go-spew v1.1.2-0.20180830191138-d8f796af33cc/go.mod h1:J7Y8YcW2NihsgmVo/mv3lAwl/skON4iLHjSsI+c5H38=
github.com/go-sql-driver/mysql v1.7.0/go.mod h1:OXbVy3sEdcQ2Doequ6Z5BW6fXNQTmx+9S1MCJN5yJMI=
github.com/go-sql-driver/mysql v1.8.1 h1:LedoTUt/eveggdHS9qUFC1EFSa8bU2+1pZjSRpvNJ1Y=
github.com/go-sql-driver/mysql v1.8.1/go.mod h1:wEBSXgmK//2ZFJyE+qWnIsVGmvmEKlqwuVSjsCm7DZg=
github.com/godbus/dbus/v5 v5.0.4/go.mod h1:xhWf0FNVPg57R7Z0UbKHbJfkEywrmjJnf7w5xrFpKfA=
github.com/google/uuid v1.6.0 h1:NIvaJDMOsjHA8n1jAhLSgzrAzy1Hgr+hNrb57e+94F0=
github.com/google/uuid v1.6.0/go.mod h1:TIyPZe4MgqvfeYDBFedMoGGpEw/LqOeaOT+nhxU+yHo=
github.com/jinzhu/inflection v1.0.0 h1:K317FqzuhWc8YvSVlFMCCUb36O/S9MCKRDI7QkRKD/E=
github.com/jinzhu/inflection v1.0.0/go.mod h1:h+uFLlag+Qp1Va5pdKtLDYj+kHp5pxUVkryuEj+Srlc=
github.com/jinzhu/now v1.1.5 h1:/o9tlHleP7gOFmsnYNz3RGnqzefHA47wQpKrrdTIwXQ=
github.com/jinzhu/now v1.1.5/go.mod h1:d3SSVoowX0Lcu0IBviAWJpolVfI5UJVZZ7cO71lE/z8=
github.com/kr/pretty v0.2.1/go.mod h1:ipq/a2n7PKx3OHsz4KJII5eveXtPO4qwEXGdVfWzfnI=
github.com/kr/pretty v0.3.1 h1:flRD4NNwYAUpkphVc1HcthR4KEIFJ65n8Mw5qdRn3LE=
github.com/kr/pretty v0.3.1/go.mod h1:hoEshYVHaxMs3cyo3Yncou5ZscifuDolrwPKZanG3xk=
github.com/kr/pty v1.1.1/go.mod h1:pFQYn66WHrOpPYNljwOMqo10TkYh1fy3cYio2l3bCsQ=
github.com/kr/text v0.1.0/go.mod h1:4Jbv+DJW3UT/LiOwJeYQe1efqtUx/iVham/4vfdArNI=
github.com/kr/text v0.2.0 h1:5Nx0Ya0ZqY2ygV366QzturHI13Jq95ApcVaJBhpS+AY=
github.com/kr/text v0.2.0/go.mod h1:eLer722TekiGuMkidMxC/pM04lWEeraHUUmBw8l2grE=
github.com/mattn/go-colorable v0.1.12/go.mod h1:u5H1YNBxpqRaxsYJYSkiCWKzEfiAb1Gb520KVy5xxl4=
github.com/mattn/go-colorable v0.1.13 h1:fFA4WZxdEF4tXPZVKMLwD8oUnCTTo08duU7wxecdEvA=
github.com/mattn/go-colorable v0.1.13/go.mod h1:7S9/ev0klgBDR4GtXTXX8a3vIGJpMovkB8vQcUbaXHg=
github.com/mattn/go-isatty v0.0.14/go.mod h1:7GGIvUiUoEMVVmxf/4nioHXj79iQHKdU27kJ6hsGG94=
github.com/mattn/go-isatty v0.0.16/go.mod h1:kYGgaQfpe5nmfYZH+SKPsOc2e4SrIfOl2e/yFXSvRLM=
github.com/mattn/go-isatty v0.0.17 h1:BTarxUcIeDqL27Mc+vyvdWYSL28zpIhv3RoTdsLMPng=
github.com/mattn/go-isatty v0.0.17/go.mod h1:kYGgaQfpe5nmfYZH+SKPsOc2e4SrIfOl2e/yFXSvRLM=
github.com/mattn/go-isatty v0.0.19/go.mod h1:W+V8PltTTMOvKvAeJH7IuucS94S2C6jfK/D7dTCTo3Y=
github.com/mattn/go-isatty v0.0.20 h1:xfD0iDuEKnDkl03q4limB+vH+GxLEtL/jb4xVJSWWEY=
github.com/mattn/go-isatty v0.0.20/go.mod h1:W+V8PltTTMOvKvAeJH7IuucS94S2C6jfK/D7dTCTo3Y=
github.com/pkg/diff v0.0.0-20210226163009-20ebb0f2a09e/go.mod h1:pJLUxLENpZxwdsKMEsNbx1VGcRFpLqf3715MtcvvzbA=
github.com/pkg/errors v0.9.1 h1:FEBLx1zS214owpjy7qsBeixbURkuhQAwrK5UwLGTwt4=
github.com/pkg/errors v0.9.1/go.mod h1:bwawxfHBFNV+L2hUp1rHADufV3IMtnDRdf1r5NINEl0=
github.com/pmezard/go-difflib v1.0.1-0.20181226105442-5d4384ee4fb2 h1:Jamvg5psRIccs7FGNTlIRMkT8wgtp5eCXdBlqhYGL6U=
github.com/pmezard/go-difflib v1.0.1-0.20181226105442-5d4384ee4fb2/go.mod h1:iKH77koFhYxTK1pcRnkKkqfTogsbg7gZNVY4sRDYZ/4=
github.com/rogpeppe/go-internal v1.9.0 h1:73kH8U+JUqXU8lRuOHeVHaa/SZPifC7BkcraZVejAe8=
github.com/rogpeppe/go-internal v1.9.0/go.mod h1:WtVeX8xhTBvf0smdhujwtBcq4Qrzq/fJaraNFVN+nFs=
github.com/rs/xid v1.4.0/go.mod h1:trrq9SKmegXys3aeAKXMUTdJsYXVwGY3RLcfgqegfbg=
github.com/rs/xid v1.5.0/go.mod h1:trrq9SKmegXys3aeAKXMUTdJsYXVwGY3RLcfgqegfbg=
github.com/rs/zerolog v1.29.0 h1:Zes4hju04hjbvkVkOhdl2HpZa+0PmVwigmo8XoORE5w=
github.com/rs/zerolog v1.29.0/go.mod h1:NILgTygv/Uej1ra5XxGf82ZFSLk58MFGAUS2o6usyD0=
github.com/rs/zerolog v1.33.0 h1:1cU2KZkvPxNyfgEmhHAz/1A9Bz+llsdYzklWFzgp0r8=
github.com/rs/zerolog v1.33.0/go.mod h1:/7mN4D5sKwJLZQ2b/znpjC3/GQWY/xaDXUM0kKWRHss=
github.com/stretchr/testify v1.9.0 h1:HtqpIVDClZ4nwg75+f6Lvsy/wHu+3BoSGCbBAcpTsTg=
github.com/stretchr/testify v1.9.0/go.mod h1:r2ic/lqez/lEtzL7wO/rwa5dbSLXVDPFyf8C91i36aY=
golang.org/x/sys v0.0.0-20210630005230-0f9fa26af87c/go.mod h1:oPkhp1MJrh7nUepCBck5+mAzfO9JrbApNNgaTdGDITg=
golang.org/x/sys v0.0.0-20210927094055-39ccf1dd6fa6/go.mod h1:oPkhp1MJrh7nUepCBck5+mAzfO9JrbApNNgaTdGDITg=
golang.org/x/sys v0.0.0-20220811171246-fbc7d0a398ab/go.mod h1:oPkhp1MJrh7nUepCBck5+mAzfO9JrbApNNgaTdGDITg=
golang.org/x/sys v0.6.0/go.mod h1:oPkhp1MJrh7nUepCBck5+mAzfO9JrbApNNgaTdGDITg=
golang.org/x/sys v0.12.0/go.mod h1:oPkhp1MJrh7nUepCBck5+mAzfO9JrbApNNgaTdGDITg=
golang.org/x/sys v0.18.0 h1:DBdB3niSjOA/O0blCZBqDefyWNYveAYMNF1Wum0DYQ4=
golang.org/x/sys v0.18.0/go.mod h1:/VUhepiaJMQUp4+oa/7Zr1D23ma6VTLIYjOOTFZPUcA=
golang.org/x/sys v0.24.0 h1:Twjiwq9dn6R1fQcyiK+wQyHWfaz/BJB+YIpzU/Cv3Xg=
golang.org/x/sys v0.24.0/go.mod h1:/VUhepiaJMQUp4+oa/7Zr1D23ma6VTLIYjOOTFZPUcA=
golang.org/x/text v0.16.0 h1:a94ExnEXNtEwYLGJSIUxnWoxoRz/ZcCsV63ROupILh4=
golang.org/x/text v0.16.0/go.mod h1:GhwF1Be+LQoKShO3cGOHzqOgRrGaYc9AvblQOmPVHnI=
golang.org/x/text v0.17.0 h1:XtiM5bkSOt+ewxlOE/aE/AKEHibwj/6gvWMl9Rsh0Qc=
golang.org/x/text v0.17.0/go.mod h1:BuEKDfySbSR4drPmRPG/7iBdf8hvFMuRexcpahXilzY=
gopkg.in/check.v1 v0.0.0-20161208181325-20d25e280405/go.mod h1:Co6ibVJAznAaIkqp8huTwlJQCZ016jof/cbN4VW5Yz0=
gopkg.in/check.v1 v1.0.0-20201130134442-10cb98267c6c h1:Hei/4ADfdWqJk1ZMxUNpqntNwaWcugrBjAiHlqqRiVk=
gopkg.in/check.v1 v1.0.0-20201130134442-10cb98267c6c/go.mod h1:JHkPIbrfpd72SG/EVd6muEfDQjcINNoR0C8j2r3qZ4Q=
gopkg.in/yaml.v3 v3.0.1 h1:fxVm/GzAzEWqLHuvctI91KS9hhNmmWOoWu0XTYJS7CA=
gopkg.in/yaml.v3 v3.0.1/go.mod h1:K4uyk7z7BCEPqu6E+C64Yfv1cQ7kz7rIZviUmN+EgEM=
gorm.io/driver/mysql v1.5.7 h1:MndhOPYOfEp2rHKgkZIhJ16eVUIRf2HmzgoPmh7FCWo=
gorm.io/driver/mysql v1.5.7/go.mod h1:sEtPWMiqiN1N1cMXoXmBbd8C6/l+TESwriotuRRpkDM=
gorm.io/gorm v1.25.7/go.mod h1:hbnx/Oo0ChWMn1BIhpy1oYozzpM15i4YPuHDmfYtwg8=
gorm.io/gorm v1.25.11 h1:/Wfyg1B/je1hnDx3sMkX+gAlxrlZpn6X0BXRlwXlvHg=
gorm.io/gorm v1.25.11/go.mod h1:xh7N7RHfYlNc5EmcI/El95gXusucDrQnHXe0+CgWcLQ=
